// !$*UTF8*$!
{
	archiveVersion = 1;
	classes = {
	};
	objectVersion = 50;
	objects = {

/* Begin PBXBuildFile section */
		7E0F97972180B65A00E9E622 /* WorkShopProfile.swift in Sources */ = {isa = PBXBuildFile; fileRef = 7E0F97962180B65A00E9E622 /* WorkShopProfile.swift */; };
		7E0F979921819A2E00E9E622 /* MenuCollectionViewCell.swift in Sources */ = {isa = PBXBuildFile; fileRef = 7E0F979821819A2E00E9E622 /* MenuCollectionViewCell.swift */; };
		7E0F979B2181C1A600E9E622 /* ReviewCellTableViewCell.swift in Sources */ = {isa = PBXBuildFile; fileRef = 7E0F979A2181C1A600E9E622 /* ReviewCellTableViewCell.swift */; };
		7E2CF9702175E70400408DB1 /* CheckConnection.swift in Sources */ = {isa = PBXBuildFile; fileRef = 7E2CF96C2175E70400408DB1 /* CheckConnection.swift */; };
		7E2CF9712175E70400408DB1 /* RoundButtonCorners.swift in Sources */ = {isa = PBXBuildFile; fileRef = 7E2CF96D2175E70400408DB1 /* RoundButtonCorners.swift */; };
		7E2CF9722175E70400408DB1 /* GradiantView.swift in Sources */ = {isa = PBXBuildFile; fileRef = 7E2CF96E2175E70400408DB1 /* GradiantView.swift */; };
		7E2CF9732175E70400408DB1 /* ImageBorder.swift in Sources */ = {isa = PBXBuildFile; fileRef = 7E2CF96F2175E70400408DB1 /* ImageBorder.swift */; };
		7E2CF9752176119600408DB1 /* RoungView.swift in Sources */ = {isa = PBXBuildFile; fileRef = 7E2CF9742176119600408DB1 /* RoungView.swift */; };
		7E2CF97721761BDC00408DB1 /* RoundTextfield.swift in Sources */ = {isa = PBXBuildFile; fileRef = 7E2CF97621761BDC00408DB1 /* RoundTextfield.swift */; };
		7E2CF9792176215A00408DB1 /* radioButtonCheckBox.swift in Sources */ = {isa = PBXBuildFile; fileRef = 7E2CF9782176215A00408DB1 /* radioButtonCheckBox.swift */; };
		7E2CF97B2176232800408DB1 /* SignIn.swift in Sources */ = {isa = PBXBuildFile; fileRef = 7E2CF97A2176232800408DB1 /* SignIn.swift */; };
		7E7167482175C71E0034ECCB /* AppDelegate.swift in Sources */ = {isa = PBXBuildFile; fileRef = 7E7167472175C71E0034ECCB /* AppDelegate.swift */; };
		7E71674A2175C71E0034ECCB /* SignInOrSignUp.swift in Sources */ = {isa = PBXBuildFile; fileRef = 7E7167492175C71E0034ECCB /* SignInOrSignUp.swift */; };
		7E71674D2175C71E0034ECCB /* Main.storyboard in Resources */ = {isa = PBXBuildFile; fileRef = 7E71674B2175C71E0034ECCB /* Main.storyboard */; };
		7E7167522175C71F0034ECCB /* LaunchScreen.storyboard in Resources */ = {isa = PBXBuildFile; fileRef = 7E7167502175C71F0034ECCB /* LaunchScreen.storyboard */; };
		7E83691221786DA5001881AF /* ForfetPasswordPhoneNum.swift in Sources */ = {isa = PBXBuildFile; fileRef = 7E83691121786DA5001881AF /* ForfetPasswordPhoneNum.swift */; };
		7E88383221772D7300DB90D2 /* ChangePassword.swift in Sources */ = {isa = PBXBuildFile; fileRef = 7E88383121772D7300DB90D2 /* ChangePassword.swift */; };
		7E88383421774A2600DB90D2 /* SignUp.swift in Sources */ = {isa = PBXBuildFile; fileRef = 7E88383321774A2600DB90D2 /* SignUp.swift */; };
		7E8CC0D4217F0F0A00D4ABB1 /* Assets.xcassets in Resources */ = {isa = PBXBuildFile; fileRef = 7E8CC0D3217F0F0A00D4ABB1 /* Assets.xcassets */; };
		7E8CC0D6217F30F100D4ABB1 /* ResultOnMapViewController.swift in Sources */ = {isa = PBXBuildFile; fileRef = 7E8CC0D5217F30F100D4ABB1 /* ResultOnMapViewController.swift */; };
		7E8CC0D8217F31B600D4ABB1 /* mapResultOnTable.swift in Sources */ = {isa = PBXBuildFile; fileRef = 7E8CC0D7217F31B600D4ABB1 /* mapResultOnTable.swift */; };
		7E8D2C34217DB1DB008941A6 /* sideMenu.xib in Resources */ = {isa = PBXBuildFile; fileRef = 7E8D2C32217DB1DB008941A6 /* sideMenu.xib */; };
		7E8D2C35217DB1DB008941A6 /* sideMenu.swift in Sources */ = {isa = PBXBuildFile; fileRef = 7E8D2C33217DB1DB008941A6 /* sideMenu.swift */; };
		7E8D2C37217DB9D1008941A6 /* Home.swift in Sources */ = {isa = PBXBuildFile; fileRef = 7E8D2C36217DB9D1008941A6 /* Home.swift */; };
		7EA8DD092181DB2900E7FED9 /* CosmosViewAlert.swift in Sources */ = {isa = PBXBuildFile; fileRef = 7EA8DD082181DB2900E7FED9 /* CosmosViewAlert.swift */; };
		7EF3D4C421848008008040B6 /* ClinteProfile.swift in Sources */ = {isa = PBXBuildFile; fileRef = 7EF3D4C321848008008040B6 /* ClinteProfile.swift */; };
		EE78B4B718A97A09A8610608 /* Pods_Tsahil.framework in Frameworks */ = {isa = PBXBuildFile; fileRef = 07C2DB5723EA922B6FE26AC0 /* Pods_Tsahil.framework */; };
/* End PBXBuildFile section */

/* Begin PBXFileReference section */
		07C2DB5723EA922B6FE26AC0 /* Pods_Tsahil.framework */ = {isa = PBXFileReference; explicitFileType = wrapper.framework; includeInIndex = 0; path = Pods_Tsahil.framework; sourceTree = BUILT_PRODUCTS_DIR; };
		7E0F97962180B65A00E9E622 /* WorkShopProfile.swift */ = {isa = PBXFileReference; lastKnownFileType = sourcecode.swift; path = WorkShopProfile.swift; sourceTree = "<group>"; };
		7E0F979821819A2E00E9E622 /* MenuCollectionViewCell.swift */ = {isa = PBXFileReference; lastKnownFileType = sourcecode.swift; path = MenuCollectionViewCell.swift; sourceTree = "<group>"; };
		7E0F979A2181C1A600E9E622 /* ReviewCellTableViewCell.swift */ = {isa = PBXFileReference; lastKnownFileType = sourcecode.swift; path = ReviewCellTableViewCell.swift; sourceTree = "<group>"; };
		7E2CF96C2175E70400408DB1 /* CheckConnection.swift */ = {isa = PBXFileReference; fileEncoding = 4; lastKnownFileType = sourcecode.swift; path = CheckConnection.swift; sourceTree = "<group>"; };
		7E2CF96D2175E70400408DB1 /* RoundButtonCorners.swift */ = {isa = PBXFileReference; fileEncoding = 4; lastKnownFileType = sourcecode.swift; path = RoundButtonCorners.swift; sourceTree = "<group>"; };
		7E2CF96E2175E70400408DB1 /* GradiantView.swift */ = {isa = PBXFileReference; fileEncoding = 4; lastKnownFileType = sourcecode.swift; path = GradiantView.swift; sourceTree = "<group>"; };
		7E2CF96F2175E70400408DB1 /* ImageBorder.swift */ = {isa = PBXFileReference; fileEncoding = 4; lastKnownFileType = sourcecode.swift; path = ImageBorder.swift; sourceTree = "<group>"; };
		7E2CF9742176119600408DB1 /* RoungView.swift */ = {isa = PBXFileReference; lastKnownFileType = sourcecode.swift; path = RoungView.swift; sourceTree = "<group>"; };
		7E2CF97621761BDC00408DB1 /* RoundTextfield.swift */ = {isa = PBXFileReference; lastKnownFileType = sourcecode.swift; path = RoundTextfield.swift; sourceTree = "<group>"; };
		7E2CF9782176215A00408DB1 /* radioButtonCheckBox.swift */ = {isa = PBXFileReference; lastKnownFileType = sourcecode.swift; path = radioButtonCheckBox.swift; sourceTree = "<group>"; };
		7E2CF97A2176232800408DB1 /* SignIn.swift */ = {isa = PBXFileReference; lastKnownFileType = sourcecode.swift; path = SignIn.swift; sourceTree = "<group>"; };
		7E7167442175C71E0034ECCB /* Tsahil.app */ = {isa = PBXFileReference; explicitFileType = wrapper.application; includeInIndex = 0; path = Tsahil.app; sourceTree = BUILT_PRODUCTS_DIR; };
		7E7167472175C71E0034ECCB /* AppDelegate.swift */ = {isa = PBXFileReference; lastKnownFileType = sourcecode.swift; path = AppDelegate.swift; sourceTree = "<group>"; };
		7E7167492175C71E0034ECCB /* SignInOrSignUp.swift */ = {isa = PBXFileReference; lastKnownFileType = sourcecode.swift; path = SignInOrSignUp.swift; sourceTree = "<group>"; };
		7E71674C2175C71E0034ECCB /* Base */ = {isa = PBXFileReference; lastKnownFileType = file.storyboard; name = Base; path = Base.lproj/Main.storyboard; sourceTree = "<group>"; };
		7E7167512175C71F0034ECCB /* Base */ = {isa = PBXFileReference; lastKnownFileType = file.storyboard; name = Base; path = Base.lproj/LaunchScreen.storyboard; sourceTree = "<group>"; };
		7E7167532175C71F0034ECCB /* Info.plist */ = {isa = PBXFileReference; lastKnownFileType = text.plist.xml; path = Info.plist; sourceTree = "<group>"; };
		7E83691121786DA5001881AF /* ForfetPasswordPhoneNum.swift */ = {isa = PBXFileReference; lastKnownFileType = sourcecode.swift; path = ForfetPasswordPhoneNum.swift; sourceTree = "<group>"; };
		7E88383121772D7300DB90D2 /* ChangePassword.swift */ = {isa = PBXFileReference; lastKnownFileType = sourcecode.swift; path = ChangePassword.swift; sourceTree = "<group>"; };
		7E88383321774A2600DB90D2 /* SignUp.swift */ = {isa = PBXFileReference; lastKnownFileType = sourcecode.swift; path = SignUp.swift; sourceTree = "<group>"; };
		7E8CC0D3217F0F0A00D4ABB1 /* Assets.xcassets */ = {isa = PBXFileReference; lastKnownFileType = folder.assetcatalog; path = Assets.xcassets; sourceTree = "<group>"; };
		7E8CC0D5217F30F100D4ABB1 /* ResultOnMapViewController.swift */ = {isa = PBXFileReference; lastKnownFileType = sourcecode.swift; path = ResultOnMapViewController.swift; sourceTree = "<group>"; };
		7E8CC0D7217F31B600D4ABB1 /* mapResultOnTable.swift */ = {isa = PBXFileReference; lastKnownFileType = sourcecode.swift; path = mapResultOnTable.swift; sourceTree = "<group>"; };
		7E8D2C32217DB1DB008941A6 /* sideMenu.xib */ = {isa = PBXFileReference; fileEncoding = 4; lastKnownFileType = file.xib; path = sideMenu.xib; sourceTree = "<group>"; };
		7E8D2C33217DB1DB008941A6 /* sideMenu.swift */ = {isa = PBXFileReference; fileEncoding = 4; lastKnownFileType = sourcecode.swift; path = sideMenu.swift; sourceTree = "<group>"; };
		7E8D2C36217DB9D1008941A6 /* Home.swift */ = {isa = PBXFileReference; lastKnownFileType = sourcecode.swift; path = Home.swift; sourceTree = "<group>"; };
		7EA8DD082181DB2900E7FED9 /* CosmosViewAlert.swift */ = {isa = PBXFileReference; lastKnownFileType = sourcecode.swift; path = CosmosViewAlert.swift; sourceTree = "<group>"; };
		7EF3D4C321848008008040B6 /* ClinteProfile.swift */ = {isa = PBXFileReference; lastKnownFileType = sourcecode.swift; path = ClinteProfile.swift; sourceTree = "<group>"; };
		7F4F2F2F3D27941D06201D2E /* Pods-Tsahil.release.xcconfig */ = {isa = PBXFileReference; includeInIndex = 1; lastKnownFileType = text.xcconfig; name = "Pods-Tsahil.release.xcconfig"; path = "Pods/Target Support Files/Pods-Tsahil/Pods-Tsahil.release.xcconfig"; sourceTree = "<group>"; };
		90C9557A4CED1FDA1615D0FD /* Pods-Tsahil.debug.xcconfig */ = {isa = PBXFileReference; includeInIndex = 1; lastKnownFileType = text.xcconfig; name = "Pods-Tsahil.debug.xcconfig"; path = "Pods/Target Support Files/Pods-Tsahil/Pods-Tsahil.debug.xcconfig"; sourceTree = "<group>"; };
/* End PBXFileReference section */

/* Begin PBXFrameworksBuildPhase section */
		7E7167412175C71E0034ECCB /* Frameworks */ = {
			isa = PBXFrameworksBuildPhase;
			buildActionMask = 2147483647;
			files = (
				EE78B4B718A97A09A8610608 /* Pods_Tsahil.framework in Frameworks */,
			);
			runOnlyForDeploymentPostprocessing = 0;
		};
/* End PBXFrameworksBuildPhase section */

/* Begin PBXGroup section */
		7E2CF9692175E61300408DB1 /* controlers */ = {
			isa = PBXGroup;
			children = (
				7E7167472175C71E0034ECCB /* AppDelegate.swift */,
				7E7167492175C71E0034ECCB /* SignInOrSignUp.swift */,
				7E2CF97A2176232800408DB1 /* SignIn.swift */,
				7E88383121772D7300DB90D2 /* ChangePassword.swift */,
				7E88383321774A2600DB90D2 /* SignUp.swift */,
				7E83691121786DA5001881AF /* ForfetPasswordPhoneNum.swift */,
				7E8D2C36217DB9D1008941A6 /* Home.swift */,
				7E8CC0D5217F30F100D4ABB1 /* ResultOnMapViewController.swift */,
				7E8CC0D7217F31B600D4ABB1 /* mapResultOnTable.swift */,
				7E0F97962180B65A00E9E622 /* WorkShopProfile.swift */,
				7EF3D4C321848008008040B6 /* ClinteProfile.swift */,
			);
			path = controlers;
			sourceTree = "<group>";
		};
		7E2CF96A2175E6A500408DB1 /* Model */ = {
			isa = PBXGroup;
			children = (
			);
			path = Model;
			sourceTree = "<group>";
		};
		7E2CF96B2175E6CA00408DB1 /* views */ = {
			isa = PBXGroup;
			children = (
				7E2CF96C2175E70400408DB1 /* CheckConnection.swift */,
				7E2CF96E2175E70400408DB1 /* GradiantView.swift */,
				7E2CF96F2175E70400408DB1 /* ImageBorder.swift */,
				7E2CF96D2175E70400408DB1 /* RoundButtonCorners.swift */,
				7E2CF9742176119600408DB1 /* RoungView.swift */,
				7E2CF97621761BDC00408DB1 /* RoundTextfield.swift */,
				7E2CF9782176215A00408DB1 /* radioButtonCheckBox.swift */,
				7E0F979821819A2E00E9E622 /* MenuCollectionViewCell.swift */,
				7E0F979A2181C1A600E9E622 /* ReviewCellTableViewCell.swift */,
				7EA8DD082181DB2900E7FED9 /* CosmosViewAlert.swift */,
			);
			path = views;
			sourceTree = "<group>";
		};
		7E71673B2175C71E0034ECCB = {
			isa = PBXGroup;
			children = (
				7E7167462175C71E0034ECCB /* Tsahil */,
				7E7167452175C71E0034ECCB /* Products */,
				A68EDE67D2767B6F325479B0 /* Pods */,
				F9512D53079AF46E3B99CED8 /* Frameworks */,
			);
			sourceTree = "<group>";
		};
		7E7167452175C71E0034ECCB /* Products */ = {
			isa = PBXGroup;
			children = (
				7E7167442175C71E0034ECCB /* Tsahil.app */,
			);
			name = Products;
			sourceTree = "<group>";
		};
		7E7167462175C71E0034ECCB /* Tsahil */ = {
			isa = PBXGroup;
			children = (
				7E8D2C31217DB1AF008941A6 /* sideMenu */,
				7E2CF96B2175E6CA00408DB1 /* views */,
				7E2CF96A2175E6A500408DB1 /* Model */,
				7E2CF9692175E61300408DB1 /* controlers */,
				7E71674B2175C71E0034ECCB /* Main.storyboard */,
				7E8CC0D3217F0F0A00D4ABB1 /* Assets.xcassets */,
				7E7167532175C71F0034ECCB /* Info.plist */,
				7E7167502175C71F0034ECCB /* LaunchScreen.storyboard */,
			);
			path = Tsahil;
			sourceTree = "<group>";
		};
		7E8D2C31217DB1AF008941A6 /* sideMenu */ = {
			isa = PBXGroup;
			children = (
				7E8D2C33217DB1DB008941A6 /* sideMenu.swift */,
				7E8D2C32217DB1DB008941A6 /* sideMenu.xib */,
			);
			path = sideMenu;
			sourceTree = "<group>";
		};
		A68EDE67D2767B6F325479B0 /* Pods */ = {
			isa = PBXGroup;
			children = (
				90C9557A4CED1FDA1615D0FD /* Pods-Tsahil.debug.xcconfig */,
				7F4F2F2F3D27941D06201D2E /* Pods-Tsahil.release.xcconfig */,
			);
			name = Pods;
			sourceTree = "<group>";
		};
		F9512D53079AF46E3B99CED8 /* Frameworks */ = {
			isa = PBXGroup;
			children = (
				07C2DB5723EA922B6FE26AC0 /* Pods_Tsahil.framework */,
			);
			name = Frameworks;
			sourceTree = "<group>";
		};
/* End PBXGroup section */

/* Begin PBXNativeTarget section */
		7E7167432175C71E0034ECCB /* Tsahil */ = {
			isa = PBXNativeTarget;
			buildConfigurationList = 7E7167562175C71F0034ECCB /* Build configuration list for PBXNativeTarget "Tsahil" */;
			buildPhases = (
				4045D7E81D00467E8D25B2C5 /* [CP] Check Pods Manifest.lock */,
				7E7167402175C71E0034ECCB /* Sources */,
				7E7167412175C71E0034ECCB /* Frameworks */,
				7E7167422175C71E0034ECCB /* Resources */,
				F036A2632180A2E4A5590D06 /* [CP] Embed Pods Frameworks */,
			);
			buildRules = (
			);
			dependencies = (
			);
			name = Tsahil;
			productName = Tsahil;
			productReference = 7E7167442175C71E0034ECCB /* Tsahil.app */;
			productType = "com.apple.product-type.application";
		};
/* End PBXNativeTarget section */

/* Begin PBXProject section */
		7E71673C2175C71E0034ECCB /* Project object */ = {
			isa = PBXProject;
			attributes = {
				LastSwiftUpdateCheck = 1000;
				LastUpgradeCheck = 1000;
				ORGANIZATIONNAME = elryad;
				TargetAttributes = {
					7E7167432175C71E0034ECCB = {
						CreatedOnToolsVersion = 10.0;
					};
				};
			};
			buildConfigurationList = 7E71673F2175C71E0034ECCB /* Build configuration list for PBXProject "Tsahil" */;
			compatibilityVersion = "Xcode 9.3";
			developmentRegion = en;
			hasScannedForEncodings = 0;
			knownRegions = (
				en,
				Base,
			);
			mainGroup = 7E71673B2175C71E0034ECCB;
			productRefGroup = 7E7167452175C71E0034ECCB /* Products */;
			projectDirPath = "";
			projectRoot = "";
			targets = (
				7E7167432175C71E0034ECCB /* Tsahil */,
			);
		};
/* End PBXProject section */

/* Begin PBXResourcesBuildPhase section */
		7E7167422175C71E0034ECCB /* Resources */ = {
			isa = PBXResourcesBuildPhase;
			buildActionMask = 2147483647;
			files = (
				7E7167522175C71F0034ECCB /* LaunchScreen.storyboard in Resources */,
				7E71674D2175C71E0034ECCB /* Main.storyboard in Resources */,
				7E8CC0D4217F0F0A00D4ABB1 /* Assets.xcassets in Resources */,
				7E8D2C34217DB1DB008941A6 /* sideMenu.xib in Resources */,
			);
			runOnlyForDeploymentPostprocessing = 0;
		};
/* End PBXResourcesBuildPhase section */

/* Begin PBXShellScriptBuildPhase section */
		4045D7E81D00467E8D25B2C5 /* [CP] Check Pods Manifest.lock */ = {
			isa = PBXShellScriptBuildPhase;
			buildActionMask = 2147483647;
			files = (
			);
			inputFileListPaths = (
			);
			inputPaths = (
				"${PODS_PODFILE_DIR_PATH}/Podfile.lock",
				"${PODS_ROOT}/Manifest.lock",
			);
			name = "[CP] Check Pods Manifest.lock";
			outputFileListPaths = (
			);
			outputPaths = (
				"$(DERIVED_FILE_DIR)/Pods-Tsahil-checkManifestLockResult.txt",
			);
			runOnlyForDeploymentPostprocessing = 0;
			shellPath = /bin/sh;
			shellScript = "diff \"${PODS_PODFILE_DIR_PATH}/Podfile.lock\" \"${PODS_ROOT}/Manifest.lock\" > /dev/null\nif [ $? != 0 ] ; then\n    # print error to STDERR\n    echo \"error: The sandbox is not in sync with the Podfile.lock. Run 'pod install' or update your CocoaPods installation.\" >&2\n    exit 1\nfi\n# This output is used by Xcode 'outputs' to avoid re-running this script phase.\necho \"SUCCESS\" > \"${SCRIPT_OUTPUT_FILE_0}\"\n";
			showEnvVarsInLog = 0;
		};
		F036A2632180A2E4A5590D06 /* [CP] Embed Pods Frameworks */ = {
			isa = PBXShellScriptBuildPhase;
			buildActionMask = 2147483647;
			files = (
			);
			inputFileListPaths = (
			);
			inputPaths = (
				"${SRCROOT}/Pods/Target Support Files/Pods-Tsahil/Pods-Tsahil-frameworks.sh",
				"${BUILT_PRODUCTS_DIR}/Alamofire/Alamofire.framework",
				"${BUILT_PRODUCTS_DIR}/Cosmos/Cosmos.framework",
				"${BUILT_PRODUCTS_DIR}/SwiftyJSON/SwiftyJSON.framework",
			);
			name = "[CP] Embed Pods Frameworks";
			outputFileListPaths = (
			);
			outputPaths = (
				"${TARGET_BUILD_DIR}/${FRAMEWORKS_FOLDER_PATH}/Alamofire.framework",
				"${TARGET_BUILD_DIR}/${FRAMEWORKS_FOLDER_PATH}/Cosmos.framework",
				"${TARGET_BUILD_DIR}/${FRAMEWORKS_FOLDER_PATH}/SwiftyJSON.framework",
			);
			runOnlyForDeploymentPostprocessing = 0;
			shellPath = /bin/sh;
			shellScript = "\"${SRCROOT}/Pods/Target Support Files/Pods-Tsahil/Pods-Tsahil-frameworks.sh\"\n";
			showEnvVarsInLog = 0;
		};
/* End PBXShellScriptBuildPhase section */

/* Begin PBXSourcesBuildPhase section */
		7E7167402175C71E0034ECCB /* Sources */ = {
			isa = PBXSourcesBuildPhase;
			buildActionMask = 2147483647;
			files = (
				7EF3D4C421848008008040B6 /* ClinteProfile.swift in Sources */,
				7E83691221786DA5001881AF /* ForfetPasswordPhoneNum.swift in Sources */,
				7E2CF9792176215A00408DB1 /* radioButtonCheckBox.swift in Sources */,
				7E8CC0D8217F31B600D4ABB1 /* mapResultOnTable.swift in Sources */,
				7E88383421774A2600DB90D2 /* SignUp.swift in Sources */,
				7E8CC0D6217F30F100D4ABB1 /* ResultOnMapViewController.swift in Sources */,
				7E2CF97721761BDC00408DB1 /* RoundTextfield.swift in Sources */,
				7E2CF9722175E70400408DB1 /* GradiantView.swift in Sources */,
				7E2CF9702175E70400408DB1 /* CheckConnection.swift in Sources */,
				7E71674A2175C71E0034ECCB /* SignInOrSignUp.swift in Sources */,
				7E8D2C37217DB9D1008941A6 /* Home.swift in Sources */,
				7E0F97972180B65A00E9E622 /* WorkShopProfile.swift in Sources */,
				7E7167482175C71E0034ECCB /* AppDelegate.swift in Sources */,
				7E2CF9712175E70400408DB1 /* RoundButtonCorners.swift in Sources */,
				7E0F979B2181C1A600E9E622 /* ReviewCellTableViewCell.swift in Sources */,
				7E0F979921819A2E00E9E622 /* MenuCollectionViewCell.swift in Sources */,
				7E2CF97B2176232800408DB1 /* SignIn.swift in Sources */,
				7E88383221772D7300DB90D2 /* ChangePassword.swift in Sources */,
				7EA8DD092181DB2900E7FED9 /* CosmosViewAlert.swift in Sources */,
				7E8D2C35217DB1DB008941A6 /* sideMenu.swift in Sources */,
				7E2CF9732175E70400408DB1 /* ImageBorder.swift in Sources */,
				7E2CF9752176119600408DB1 /* RoungView.swift in Sources */,
			);
			runOnlyForDeploymentPostprocessing = 0;
		};
/* End PBXSourcesBuildPhase section */

/* Begin PBXVariantGroup section */
		7E71674B2175C71E0034ECCB /* Main.storyboard */ = {
			isa = PBXVariantGroup;
			children = (
				7E71674C2175C71E0034ECCB /* Base */,
			);
			name = Main.storyboard;
			sourceTree = "<group>";
		};
		7E7167502175C71F0034ECCB /* LaunchScreen.storyboard */ = {
			isa = PBXVariantGroup;
			children = (
				7E7167512175C71F0034ECCB /* Base */,
			);
			name = LaunchScreen.storyboard;
			sourceTree = "<group>";
		};
/* End PBXVariantGroup section */

/* Begin XCBuildConfiguration section */
		7E7167542175C71F0034ECCB /* Debug */ = {
			isa = XCBuildConfiguration;
			buildSettings = {
				ALWAYS_SEARCH_USER_PATHS = NO;
				CLANG_ANALYZER_NONNULL = YES;
				CLANG_ANALYZER_NUMBER_OBJECT_CONVERSION = YES_AGGRESSIVE;
				CLANG_CXX_LANGUAGE_STANDARD = "gnu++14";
				CLANG_CXX_LIBRARY = "libc++";
				CLANG_ENABLE_MODULES = YES;
				CLANG_ENABLE_OBJC_ARC = YES;
				CLANG_ENABLE_OBJC_WEAK = YES;
				CLANG_WARN_BLOCK_CAPTURE_AUTORELEASING = YES;
				CLANG_WARN_BOOL_CONVERSION = YES;
				CLANG_WARN_COMMA = YES;
				CLANG_WARN_CONSTANT_CONVERSION = YES;
				CLANG_WARN_DEPRECATED_OBJC_IMPLEMENTATIONS = YES;
				CLANG_WARN_DIRECT_OBJC_ISA_USAGE = YES_ERROR;
				CLANG_WARN_DOCUMENTATION_COMMENTS = YES;
				CLANG_WARN_EMPTY_BODY = YES;
				CLANG_WARN_ENUM_CONVERSION = YES;
				CLANG_WARN_INFINITE_RECURSION = YES;
				CLANG_WARN_INT_CONVERSION = YES;
				CLANG_WARN_NON_LITERAL_NULL_CONVERSION = YES;
				CLANG_WARN_OBJC_IMPLICIT_RETAIN_SELF = YES;
				CLANG_WARN_OBJC_LITERAL_CONVERSION = YES;
				CLANG_WARN_OBJC_ROOT_CLASS = YES_ERROR;
				CLANG_WARN_RANGE_LOOP_ANALYSIS = YES;
				CLANG_WARN_STRICT_PROTOTYPES = YES;
				CLANG_WARN_SUSPICIOUS_MOVE = YES;
				CLANG_WARN_UNGUARDED_AVAILABILITY = YES_AGGRESSIVE;
				CLANG_WARN_UNREACHABLE_CODE = YES;
				CLANG_WARN__DUPLICATE_METHOD_MATCH = YES;
				CODE_SIGN_IDENTITY = "iPhone Developer";
				COPY_PHASE_STRIP = NO;
				DEBUG_INFORMATION_FORMAT = dwarf;
				ENABLE_STRICT_OBJC_MSGSEND = YES;
				ENABLE_TESTABILITY = YES;
				GCC_C_LANGUAGE_STANDARD = gnu11;
				GCC_DYNAMIC_NO_PIC = NO;
				GCC_NO_COMMON_BLOCKS = YES;
				GCC_OPTIMIZATION_LEVEL = 0;
				GCC_PREPROCESSOR_DEFINITIONS = (
					"DEBUG=1",
					"$(inherited)",
				);
				GCC_WARN_64_TO_32_BIT_CONVERSION = YES;
				GCC_WARN_ABOUT_RETURN_TYPE = YES_ERROR;
				GCC_WARN_UNDECLARED_SELECTOR = YES;
				GCC_WARN_UNINITIALIZED_AUTOS = YES_AGGRESSIVE;
				GCC_WARN_UNUSED_FUNCTION = YES;
				GCC_WARN_UNUSED_VARIABLE = YES;
				IPHONEOS_DEPLOYMENT_TARGET = 12.0;
				MTL_ENABLE_DEBUG_INFO = INCLUDE_SOURCE;
				MTL_FAST_MATH = YES;
				ONLY_ACTIVE_ARCH = YES;
				SDKROOT = iphoneos;
				SWIFT_ACTIVE_COMPILATION_CONDITIONS = DEBUG;
				SWIFT_OPTIMIZATION_LEVEL = "-Onone";
			};
			name = Debug;
		};
		7E7167552175C71F0034ECCB /* Release */ = {
			isa = XCBuildConfiguration;
			buildSettings = {
				ALWAYS_SEARCH_USER_PATHS = NO;
				CLANG_ANALYZER_NONNULL = YES;
				CLANG_ANALYZER_NUMBER_OBJECT_CONVERSION = YES_AGGRESSIVE;
				CLANG_CXX_LANGUAGE_STANDARD = "gnu++14";
				CLANG_CXX_LIBRARY = "libc++";
				CLANG_ENABLE_MODULES = YES;
				CLANG_ENABLE_OBJC_ARC = YES;
				CLANG_ENABLE_OBJC_WEAK = YES;
				CLANG_WARN_BLOCK_CAPTURE_AUTORELEASING = YES;
				CLANG_WARN_BOOL_CONVERSION = YES;
				CLANG_WARN_COMMA = YES;
				CLANG_WARN_CONSTANT_CONVERSION = YES;
				CLANG_WARN_DEPRECATED_OBJC_IMPLEMENTATIONS = YES;
				CLANG_WARN_DIRECT_OBJC_ISA_USAGE = YES_ERROR;
				CLANG_WARN_DOCUMENTATION_COMMENTS = YES;
				CLANG_WARN_EMPTY_BODY = YES;
				CLANG_WARN_ENUM_CONVERSION = YES;
				CLANG_WARN_INFINITE_RECURSION = YES;
				CLANG_WARN_INT_CONVERSION = YES;
				CLANG_WARN_NON_LITERAL_NULL_CONVERSION = YES;
				CLANG_WARN_OBJC_IMPLICIT_RETAIN_SELF = YES;
				CLANG_WARN_OBJC_LITERAL_CONVERSION = YES;
				CLANG_WARN_OBJC_ROOT_CLASS = YES_ERROR;
				CLANG_WARN_RANGE_LOOP_ANALYSIS = YES;
				CLANG_WARN_STRICT_PROTOTYPES = YES;
				CLANG_WARN_SUSPICIOUS_MOVE = YES;
				CLANG_WARN_UNGUARDED_AVAILABILITY = YES_AGGRESSIVE;
				CLANG_WARN_UNREACHABLE_CODE = YES;
				CLANG_WARN__DUPLICATE_METHOD_MATCH = YES;
				CODE_SIGN_IDENTITY = "iPhone Developer";
				COPY_PHASE_STRIP = NO;
				DEBUG_INFORMATION_FORMAT = "dwarf-with-dsym";
				ENABLE_NS_ASSERTIONS = NO;
				ENABLE_STRICT_OBJC_MSGSEND = YES;
				GCC_C_LANGUAGE_STANDARD = gnu11;
				GCC_NO_COMMON_BLOCKS = YES;
				GCC_WARN_64_TO_32_BIT_CONVERSION = YES;
				GCC_WARN_ABOUT_RETURN_TYPE = YES_ERROR;
				GCC_WARN_UNDECLARED_SELECTOR = YES;
				GCC_WARN_UNINITIALIZED_AUTOS = YES_AGGRESSIVE;
				GCC_WARN_UNUSED_FUNCTION = YES;
				GCC_WARN_UNUSED_VARIABLE = YES;
				IPHONEOS_DEPLOYMENT_TARGET = 12.0;
				MTL_ENABLE_DEBUG_INFO = NO;
				MTL_FAST_MATH = YES;
				SDKROOT = iphoneos;
				SWIFT_COMPILATION_MODE = wholemodule;
				SWIFT_OPTIMIZATION_LEVEL = "-O";
				VALIDATE_PRODUCT = YES;
			};
			name = Release;
		};
		7E7167572175C71F0034ECCB /* Debug */ = {
			isa = XCBuildConfiguration;
			baseConfigurationReference = 90C9557A4CED1FDA1615D0FD /* Pods-Tsahil.debug.xcconfig */;
			buildSettings = {
				ASSETCATALOG_COMPILER_APPICON_NAME = AppIcon;
				CODE_SIGN_STYLE = Automatic;
				INFOPLIST_FILE = Tsahil/Info.plist;
				LD_RUNPATH_SEARCH_PATHS = (
					"$(inherited)",
					"@executable_path/Frameworks",
				);
				PRODUCT_BUNDLE_IDENTIFIER = com.elryad.Tsahil;
				PRODUCT_NAME = "$(TARGET_NAME)";
				SWIFT_VERSION = 4.2;
				TARGETED_DEVICE_FAMILY = "1,2";
			};
			name = Debug;
		};
		7E7167582175C71F0034ECCB /* Release */ = {
			isa = XCBuildConfiguration;
			baseConfigurationReference = 7F4F2F2F3D27941D06201D2E /* Pods-Tsahil.release.xcconfig */;
			buildSettings = {
				ASSETCATALOG_COMPILER_APPICON_NAME = AppIcon;
				CODE_SIGN_STYLE = Automatic;
				INFOPLIST_FILE = Tsahil/Info.plist;
				LD_RUNPATH_SEARCH_PATHS = (
					"$(inherited)",
					"@executable_path/Frameworks",
				);
				PRODUCT_BUNDLE_IDENTIFIER = com.elryad.Tsahil;
				PRODUCT_NAME = "$(TARGET_NAME)";
				SWIFT_VERSION = 4.2;
				TARGETED_DEVICE_FAMILY = "1,2";
			};
			name = Release;
		};
/* End XCBuildConfiguration section */

/* Begin XCConfigurationList section */
		7E71673F2175C71E0034ECCB /* Build configuration list for PBXProject "Tsahil" */ = {
			isa = XCConfigurationList;
			buildConfigurations = (
				7E7167542175C71F0034ECCB /* Debug */,
				7E7167552175C71F0034ECCB /* Release */,
			);
			defaultConfigurationIsVisible = 0;
			defaultConfigurationName = Release;
		};
		7E7167562175C71F0034ECCB /* Build configuration list for PBXNativeTarget "Tsahil" */ = {
			isa = XCConfigurationList;
			buildConfigurations = (
				7E7167572175C71F0034ECCB /* Debug */,
				7E7167582175C71F0034ECCB /* Release */,
			);
			defaultConfigurationIsVisible = 0;
			defaultConfigurationName = Release;
		};
/* End XCConfigurationList section */
	};
	rootObject = 7E71673C2175C71E0034ECCB /* Project object */;
}
